
Microsoft Visual Studio Solution File, Format Version 12.00
# Visual Studio Version 17
VisualStudioVersion = 17.12.35521.163
MinimumVisualStudioVersion = 10.0.40219.1
Project("{FAE04EC0-301F-11D3-BF4B-00C04F79EFBC}") = "EMS.API", "EMS.API\EMS.API.csproj", "{46AEEEA0-0C3F-4DCB-835F-643DDCBF0B13}"
EndProject
Project("{FAE04EC0-301F-11D3-BF4B-00C04F79EFBC}") = "EMS.APPLICATION", "EMS.APPLICATION\EMS.APPLICATION.csproj", "{BBA322B8-904F-4F80-B25F-CB0C802D7EE6}"
EndProject
Project("{FAE04EC0-301F-11D3-BF4B-00C04F79EFBC}") = "EMS.CORE", "EMS.CORE\EMS.CORE.csproj", "{1FFF28C5-6DD8-4965-BCB3-6EB404031B53}"
EndProject
Project("{FAE04EC0-301F-11D3-BF4B-00C04F79EFBC}") = "EMS.INFRASTRUCTURE", "EMS.INFRASTRUCTURE\EMS.INFRASTRUCTURE.csproj", "{03C0CB1D-76AF-40A6-B0FC-A3F47A7E2CA2}"
EndProject
Project("{FAE04EC0-301F-11D3-BF4B-00C04F79EFBC}") = "EMS.TESTS", "EMS.TESTS\EMS.TESTS.csproj", "{12203FB3-B778-4B75-A110-FB1DAD1A90E1}"
EndProject
Global
	GlobalSection(SolutionConfigurationPlatforms) = preSolution
		Debug|Any CPU = Debug|Any CPU
		Release|Any CPU = Release|Any CPU
	EndGlobalSection
	GlobalSection(ProjectConfigurationPlatforms) = postSolution
		{46AEEEA0-0C3F-4DCB-835F-643DDCBF0B13}.Debug|Any CPU.ActiveCfg = Debug|Any CPU
		{46AEEEA0-0C3F-4DCB-835F-643DDCBF0B13}.Debug|Any CPU.Build.0 = Debug|Any CPU
		{46AEEEA0-0C3F-4DCB-835F-643DDCBF0B13}.Release|Any CPU.ActiveCfg = Release|Any CPU
		{46AEEEA0-0C3F-4DCB-835F-643DDCBF0B13}.Release|Any CPU.Build.0 = Release|Any CPU
		{BBA322B8-904F-4F80-B25F-CB0C802D7EE6}.Debug|Any CPU.ActiveCfg = Debug|Any CPU
		{BBA322B8-904F-4F80-B25F-CB0C802D7EE6}.Debug|Any CPU.Build.0 = Debug|Any CPU
		{BBA322B8-904F-4F80-B25F-CB0C802D7EE6}.Release|Any CPU.ActiveCfg = Release|Any CPU
		{BBA322B8-904F-4F80-B25F-CB0C802D7EE6}.Release|Any CPU.Build.0 = Release|Any CPU
		{1FFF28C5-6DD8-4965-BCB3-6EB404031B53}.Debug|Any CPU.ActiveCfg = Debug|Any CPU
		{1FFF28C5-6DD8-4965-BCB3-6EB404031B53}.Debug|Any CPU.Build.0 = Debug|Any CPU
		{1FFF28C5-6DD8-4965-BCB3-6EB404031B53}.Release|Any CPU.ActiveCfg = Release|Any CPU
		{1FFF28C5-6DD8-4965-BCB3-6EB404031B53}.Release|Any CPU.Build.0 = Release|Any CPU
		{03C0CB1D-76AF-40A6-B0FC-A3F47A7E2CA2}.Debug|Any CPU.ActiveCfg = Debug|Any CPU
		{03C0CB1D-76AF-40A6-B0FC-A3F47A7E2CA2}.Debug|Any CPU.Build.0 = Debug|Any CPU
		{03C0CB1D-76AF-40A6-B0FC-A3F47A7E2CA2}.Release|Any CPU.ActiveCfg = Release|Any CPU
		{03C0CB1D-76AF-40A6-B0FC-A3F47A7E2CA2}.Release|Any CPU.Build.0 = Release|Any CPU
		{12203FB3-B778-4B75-A110-FB1DAD1A90E1}.Debug|Any CPU.ActiveCfg = Debug|Any CPU
		{12203FB3-B778-4B75-A110-FB1DAD1A90E1}.Debug|Any CPU.Build.0 = Debug|Any CPU
		{12203FB3-B778-4B75-A110-FB1DAD1A90E1}.Release|Any CPU.ActiveCfg = Release|Any CPU
		{12203FB3-B778-4B75-A110-FB1DAD1A90E1}.Release|Any CPU.Build.0 = Release|Any CPU
	EndGlobalSection
	GlobalSection(SolutionProperties) = preSolution
		HideSolutionNode = FALSE
	EndGlobalSection
EndGlobal
